{
  "version": 4,
  "terraform_version": "1.12.2",
  "serial": 23,
  "lineage": "7d1e9fc3-dcc9-7953-68c2-28ca1cf064c3",
  "outputs": {
    "ecr_repo_url": {
      "value": "127452847183.dkr.ecr.us-east-1.amazonaws.com/ocr-service-llm-zoomcamp",
      "type": "string"
    },
    "input_bucket": {
      "value": "ocr-service-llm-zoomcamp-in-dev",
      "type": "string"
    },
    "lambda_name": {
      "value": "ocr-service-llm-zoomcamp-dev",
      "type": "string"
    },
    "output_bucket": {
      "value": "ocr-service-llm-zoomcamp-out-dev",
      "type": "string"
    }
  },
  "resources": [
    {
      "mode": "data",
      "type": "aws_ecr_image",
      "name": "lambda_image",
      "provider": "provider[\"registry.terraform.io/hashicorp/aws\"]",
      "instances": [
        {
          "schema_version": 0,
          "attributes": {
            "id": "sha256:62689ee68714c93c213b7e255aae96db91ad9815329e1191a7908bfeeb2155b1",
            "image_digest": "sha256:62689ee68714c93c213b7e255aae96db91ad9815329e1191a7908bfeeb2155b1",
            "image_pushed_at": 1755468719,
            "image_size_in_bytes": 4006459311,
            "image_tag": "latest",
            "image_tags": [
              "latest"
            ],
            "image_uri": "127452847183.dkr.ecr.us-east-1.amazonaws.com/ocr-service-llm-zoomcamp@sha256:62689ee68714c93c213b7e255aae96db91ad9815329e1191a7908bfeeb2155b1",
            "most_recent": null,
            "registry_id": "127452847183",
            "repository_name": "ocr-service-llm-zoomcamp"
          },
          "sensitive_attributes": [],
          "identity_schema_version": 0
        }
      ]
    },
    {
      "mode": "data",
      "type": "aws_iam_policy_document",
      "name": "assume",
      "provider": "provider[\"registry.terraform.io/hashicorp/aws\"]",
      "instances": [
        {
          "schema_version": 0,
          "attributes": {
            "id": "2690255455",
            "json": "{\n  \"Version\": \"2012-10-17\",\n  \"Statement\": [\n    {\n      \"Effect\": \"Allow\",\n      \"Action\": \"sts:AssumeRole\",\n      \"Principal\": {\n        \"Service\": \"lambda.amazonaws.com\"\n      }\n    }\n  ]\n}",
            "minified_json": "{\"Version\":\"2012-10-17\",\"Statement\":[{\"Effect\":\"Allow\",\"Action\":\"sts:AssumeRole\",\"Principal\":{\"Service\":\"lambda.amazonaws.com\"}}]}",
            "override_json": null,
            "override_policy_documents": null,
            "policy_id": null,
            "source_json": null,
            "source_policy_documents": null,
            "statement": [
              {
                "actions": [
                  "sts:AssumeRole"
                ],
                "condition": [],
                "effect": "Allow",
                "not_actions": [],
                "not_principals": [],
                "not_resources": [],
                "principals": [
                  {
                    "identifiers": [
                      "lambda.amazonaws.com"
                    ],
                    "type": "Service"
                  }
                ],
                "resources": [],
                "sid": ""
              }
            ],
            "version": "2012-10-17"
          },
          "sensitive_attributes": [],
          "identity_schema_version": 0
        }
      ]
    },
    {
      "mode": "data",
      "type": "aws_iam_policy_document",
      "name": "lambda",
      "provider": "provider[\"registry.terraform.io/hashicorp/aws\"]",
      "instances": [
        {
          "schema_version": 0,
          "attributes": {
            "id": "3358354864",
            "json": "{\n  \"Version\": \"2012-10-17\",\n  \"Statement\": [\n    {\n      \"Sid\": \"Logs\",\n      \"Effect\": \"Allow\",\n      \"Action\": [\n        \"logs:PutLogEvents\",\n        \"logs:CreateLogStream\",\n        \"logs:CreateLogGroup\"\n      ],\n      \"Resource\": \"*\"\n    },\n    {\n      \"Sid\": \"ReadInputBucket\",\n      \"Effect\": \"Allow\",\n      \"Action\": [\n        \"s3:ListBucket\",\n        \"s3:GetObject\"\n      ],\n      \"Resource\": [\n        \"arn:aws:s3:::ocr-service-llm-zoomcamp-in-dev/*\",\n        \"arn:aws:s3:::ocr-service-llm-zoomcamp-in-dev\"\n      ]\n    },\n    {\n      \"Sid\": \"WriteOutputBucket\",\n      \"Effect\": \"Allow\",\n      \"Action\": \"s3:PutObject\",\n      \"Resource\": \"arn:aws:s3:::ocr-service-llm-zoomcamp-out-dev/*\"\n    }\n  ]\n}",
            "minified_json": "{\"Version\":\"2012-10-17\",\"Statement\":[{\"Sid\":\"Logs\",\"Effect\":\"Allow\",\"Action\":[\"logs:PutLogEvents\",\"logs:CreateLogStream\",\"logs:CreateLogGroup\"],\"Resource\":\"*\"},{\"Sid\":\"ReadInputBucket\",\"Effect\":\"Allow\",\"Action\":[\"s3:ListBucket\",\"s3:GetObject\"],\"Resource\":[\"arn:aws:s3:::ocr-service-llm-zoomcamp-in-dev/*\",\"arn:aws:s3:::ocr-service-llm-zoomcamp-in-dev\"]},{\"Sid\":\"WriteOutputBucket\",\"Effect\":\"Allow\",\"Action\":\"s3:PutObject\",\"Resource\":\"arn:aws:s3:::ocr-service-llm-zoomcamp-out-dev/*\"}]}",
            "override_json": null,
            "override_policy_documents": null,
            "policy_id": null,
            "source_json": null,
            "source_policy_documents": null,
            "statement": [
              {
                "actions": [
                  "logs:CreateLogGroup",
                  "logs:CreateLogStream",
                  "logs:PutLogEvents"
                ],
                "condition": [],
                "effect": "Allow",
                "not_actions": [],
                "not_principals": [],
                "not_resources": [],
                "principals": [],
                "resources": [
                  "*"
                ],
                "sid": "Logs"
              },
              {
                "actions": [
                  "s3:GetObject",
                  "s3:ListBucket"
                ],
                "condition": [],
                "effect": "Allow",
                "not_actions": [],
                "not_principals": [],
                "not_resources": [],
                "principals": [],
                "resources": [
                  "arn:aws:s3:::ocr-service-llm-zoomcamp-in-dev",
                  "arn:aws:s3:::ocr-service-llm-zoomcamp-in-dev/*"
                ],
                "sid": "ReadInputBucket"
              },
              {
                "actions": [
                  "s3:PutObject"
                ],
                "condition": [],
                "effect": "Allow",
                "not_actions": [],
                "not_principals": [],
                "not_resources": [],
                "principals": [],
                "resources": [
                  "arn:aws:s3:::ocr-service-llm-zoomcamp-out-dev/*"
                ],
                "sid": "WriteOutputBucket"
              }
            ],
            "version": "2012-10-17"
          },
          "sensitive_attributes": [],
          "identity_schema_version": 0
        }
      ]
    },
    {
      "mode": "managed",
      "type": "aws_ecr_repository",
      "name": "repo",
      "provider": "provider[\"registry.terraform.io/hashicorp/aws\"]",
      "instances": [
        {
          "schema_version": 0,
          "attributes": {
            "arn": "arn:aws:ecr:us-east-1:127452847183:repository/ocr-service-llm-zoomcamp",
            "encryption_configuration": [
              {
                "encryption_type": "AES256",
                "kms_key": ""
              }
            ],
            "force_delete": null,
            "id": "ocr-service-llm-zoomcamp",
            "image_scanning_configuration": [
              {
                "scan_on_push": true
              }
            ],
            "image_tag_mutability": "MUTABLE",
            "name": "ocr-service-llm-zoomcamp",
            "registry_id": "127452847183",
            "repository_url": "127452847183.dkr.ecr.us-east-1.amazonaws.com/ocr-service-llm-zoomcamp",
            "tags": {
              "env": "dev",
              "project": "ocr-service-llm-zoomcamp"
            },
            "tags_all": {
              "env": "dev",
              "project": "ocr-service-llm-zoomcamp"
            },
            "timeouts": null
          },
          "sensitive_attributes": [],
          "identity_schema_version": 0,
          "private": "eyJlMmJmYjczMC1lY2FhLTExZTYtOGY4OC0zNDM2M2JjN2M0YzAiOnsiZGVsZXRlIjoxMjAwMDAwMDAwMDAwfX0="
        }
      ]
    },
    {
      "mode": "managed",
      "type": "aws_iam_policy",
      "name": "lambda",
      "provider": "provider[\"registry.terraform.io/hashicorp/aws\"]",
      "instances": [
        {
          "schema_version": 0,
          "attributes": {
            "arn": "arn:aws:iam::127452847183:policy/ocr-service-llm-zoomcamp-dev-policy",
            "attachment_count": 1,
            "description": "",
            "id": "arn:aws:iam::127452847183:policy/ocr-service-llm-zoomcamp-dev-policy",
            "name": "ocr-service-llm-zoomcamp-dev-policy",
            "name_prefix": "",
            "path": "/",
            "policy": "{\"Statement\":[{\"Action\":[\"logs:PutLogEvents\",\"logs:CreateLogStream\",\"logs:CreateLogGroup\"],\"Effect\":\"Allow\",\"Resource\":\"*\",\"Sid\":\"Logs\"},{\"Action\":[\"s3:ListBucket\",\"s3:GetObject\"],\"Effect\":\"Allow\",\"Resource\":[\"arn:aws:s3:::ocr-service-llm-zoomcamp-in-dev/*\",\"arn:aws:s3:::ocr-service-llm-zoomcamp-in-dev\"],\"Sid\":\"ReadInputBucket\"},{\"Action\":\"s3:PutObject\",\"Effect\":\"Allow\",\"Resource\":\"arn:aws:s3:::ocr-service-llm-zoomcamp-out-dev/*\",\"Sid\":\"WriteOutputBucket\"}],\"Version\":\"2012-10-17\"}",
            "policy_id": "ANPAR3LGIDRH2MUI76CBL",
            "tags": {},
            "tags_all": {}
          },
          "sensitive_attributes": [],
          "identity_schema_version": 0,
          "private": "bnVsbA==",
          "dependencies": [
            "aws_s3_bucket.in",
            "aws_s3_bucket.out",
            "data.aws_iam_policy_document.lambda"
          ]
        }
      ]
    },
    {
      "mode": "managed",
      "type": "aws_iam_role",
      "name": "lambda",
      "provider": "provider[\"registry.terraform.io/hashicorp/aws\"]",
      "instances": [
        {
          "schema_version": 0,
          "attributes": {
            "arn": "arn:aws:iam::127452847183:role/ocr-service-llm-zoomcamp-dev-role",
            "assume_role_policy": "{\"Statement\":[{\"Action\":\"sts:AssumeRole\",\"Effect\":\"Allow\",\"Principal\":{\"Service\":\"lambda.amazonaws.com\"}}],\"Version\":\"2012-10-17\"}",
            "create_date": "2025-08-17T21:17:54Z",
            "description": "",
            "force_detach_policies": false,
            "id": "ocr-service-llm-zoomcamp-dev-role",
            "inline_policy": [],
            "managed_policy_arns": [
              "arn:aws:iam::127452847183:policy/ocr-service-llm-zoomcamp-dev-policy"
            ],
            "max_session_duration": 3600,
            "name": "ocr-service-llm-zoomcamp-dev-role",
            "name_prefix": "",
            "path": "/",
            "permissions_boundary": "",
            "tags": {
              "env": "dev",
              "project": "ocr-service-llm-zoomcamp"
            },
            "tags_all": {
              "env": "dev",
              "project": "ocr-service-llm-zoomcamp"
            },
            "unique_id": "AROAR3LGIDRH4ZOVSHNJM"
          },
          "sensitive_attributes": [],
          "identity_schema_version": 0,
          "private": "bnVsbA==",
          "dependencies": [
            "data.aws_iam_policy_document.assume"
          ]
        }
      ]
    },
    {
      "mode": "managed",
      "type": "aws_iam_role_policy_attachment",
      "name": "attach",
      "provider": "provider[\"registry.terraform.io/hashicorp/aws\"]",
      "instances": [
        {
          "schema_version": 0,
          "attributes": {
            "id": "ocr-service-llm-zoomcamp-dev-role-20250817211755041000000001",
            "policy_arn": "arn:aws:iam::127452847183:policy/ocr-service-llm-zoomcamp-dev-policy",
            "role": "ocr-service-llm-zoomcamp-dev-role"
          },
          "sensitive_attributes": [],
          "identity_schema_version": 0,
          "private": "bnVsbA==",
          "dependencies": [
            "aws_iam_policy.lambda",
            "aws_iam_role.lambda",
            "aws_s3_bucket.in",
            "aws_s3_bucket.out",
            "data.aws_iam_policy_document.assume",
            "data.aws_iam_policy_document.lambda"
          ]
        }
      ]
    },
    {
      "mode": "managed",
      "type": "aws_lambda_function",
      "name": "fn",
      "provider": "provider[\"registry.terraform.io/hashicorp/aws\"]",
      "instances": [
        {
          "schema_version": 0,
          "attributes": {
            "architectures": [
              "x86_64"
            ],
            "arn": "arn:aws:lambda:us-east-1:127452847183:function:ocr-service-llm-zoomcamp-dev",
            "code_sha256": "62689ee68714c93c213b7e255aae96db91ad9815329e1191a7908bfeeb2155b1",
            "code_signing_config_arn": "",
            "dead_letter_config": [],
            "description": "",
            "environment": [
              {
                "variables": {
                  "ENABLE_OCR": "auto",
                  "OCR_MODELS_DIR": "/opt/models/rapidocr",
                  "OUT_BUCKET": "ocr-service-llm-zoomcamp-out-dev",
                  "PYTHONUNBUFFERED": "1"
                }
              }
            ],
            "ephemeral_storage": [
              {
                "size": 2048
              }
            ],
            "file_system_config": [],
            "filename": null,
            "function_name": "ocr-service-llm-zoomcamp-dev",
            "handler": "",
            "id": "ocr-service-llm-zoomcamp-dev",
            "image_config": [],
            "image_uri": "127452847183.dkr.ecr.us-east-1.amazonaws.com/ocr-service-llm-zoomcamp@sha256:62689ee68714c93c213b7e255aae96db91ad9815329e1191a7908bfeeb2155b1",
            "invoke_arn": "arn:aws:apigateway:us-east-1:lambda:path/2015-03-31/functions/arn:aws:lambda:us-east-1:127452847183:function:ocr-service-llm-zoomcamp-dev/invocations",
            "kms_key_arn": "",
            "last_modified": "2025-08-17T22:12:29.920+0000",
            "layers": null,
            "logging_config": [
              {
                "application_log_level": "",
                "log_format": "Text",
                "log_group": "/aws/lambda/ocr-service-llm-zoomcamp-dev",
                "system_log_level": ""
              }
            ],
            "memory_size": 2048,
            "package_type": "Image",
            "publish": false,
            "qualified_arn": "arn:aws:lambda:us-east-1:127452847183:function:ocr-service-llm-zoomcamp-dev:$LATEST",
            "qualified_invoke_arn": "arn:aws:apigateway:us-east-1:lambda:path/2015-03-31/functions/arn:aws:lambda:us-east-1:127452847183:function:ocr-service-llm-zoomcamp-dev:$LATEST/invocations",
            "replace_security_groups_on_destroy": null,
            "replacement_security_group_ids": null,
            "reserved_concurrent_executions": -1,
            "role": "arn:aws:iam::127452847183:role/ocr-service-llm-zoomcamp-dev-role",
            "runtime": "",
            "s3_bucket": null,
            "s3_key": null,
            "s3_object_version": null,
            "signing_job_arn": "",
            "signing_profile_version_arn": "",
            "skip_destroy": false,
            "snap_start": [],
            "source_code_hash": "",
            "source_code_size": 0,
            "tags": {
              "env": "dev",
              "project": "ocr-service-llm-zoomcamp"
            },
            "tags_all": {
              "env": "dev",
              "project": "ocr-service-llm-zoomcamp"
            },
            "timeout": 120,
            "timeouts": null,
            "tracing_config": [
              {
                "mode": "PassThrough"
              }
            ],
            "version": "$LATEST",
            "vpc_config": []
          },
          "sensitive_attributes": [],
          "identity_schema_version": 0,
          "private": "eyJlMmJmYjczMC1lY2FhLTExZTYtOGY4OC0zNDM2M2JjN2M0YzAiOnsiY3JlYXRlIjo2MDAwMDAwMDAwMDAsImRlbGV0ZSI6NjAwMDAwMDAwMDAwLCJ1cGRhdGUiOjYwMDAwMDAwMDAwMH19",
          "dependencies": [
            "aws_ecr_repository.repo",
            "aws_iam_role.lambda",
            "aws_s3_bucket.out",
            "data.aws_ecr_image.lambda_image",
            "data.aws_iam_policy_document.assume"
          ]
        }
      ]
    },
    {
      "mode": "managed",
      "type": "aws_lambda_permission",
      "name": "allow_s3",
      "provider": "provider[\"registry.terraform.io/hashicorp/aws\"]",
      "instances": [
        {
          "schema_version": 0,
          "attributes": {
            "action": "lambda:InvokeFunction",
            "event_source_token": null,
            "function_name": "ocr-service-llm-zoomcamp-dev",
            "function_url_auth_type": null,
            "id": "AllowS3Invoke",
            "principal": "s3.amazonaws.com",
            "principal_org_id": null,
            "qualifier": "",
            "source_account": null,
            "source_arn": "arn:aws:s3:::ocr-service-llm-zoomcamp-in-dev",
            "statement_id": "AllowS3Invoke",
            "statement_id_prefix": ""
          },
          "sensitive_attributes": [],
          "identity_schema_version": 0,
          "private": "bnVsbA==",
          "dependencies": [
            "aws_ecr_repository.repo",
            "aws_iam_role.lambda",
            "aws_lambda_function.fn",
            "aws_s3_bucket.in",
            "aws_s3_bucket.out",
            "data.aws_ecr_image.lambda_image",
            "data.aws_iam_policy_document.assume"
          ]
        }
      ]
    },
    {
      "mode": "managed",
      "type": "aws_s3_bucket",
      "name": "in",
      "provider": "provider[\"registry.terraform.io/hashicorp/aws\"]",
      "instances": [
        {
          "schema_version": 0,
          "attributes": {
            "acceleration_status": "",
            "acl": null,
            "arn": "arn:aws:s3:::ocr-service-llm-zoomcamp-in-dev",
            "bucket": "ocr-service-llm-zoomcamp-in-dev",
            "bucket_domain_name": "ocr-service-llm-zoomcamp-in-dev.s3.amazonaws.com",
            "bucket_prefix": "",
            "bucket_regional_domain_name": "ocr-service-llm-zoomcamp-in-dev.s3.us-east-1.amazonaws.com",
            "cors_rule": [],
            "force_destroy": false,
            "grant": [
              {
                "id": "05adac9a39ae067743db26bb76753c11018fa928b5b817cc003f9c3d1653a2b6",
                "permissions": [
                  "FULL_CONTROL"
                ],
                "type": "CanonicalUser",
                "uri": ""
              }
            ],
            "hosted_zone_id": "Z3AQBSTGFYJSTF",
            "id": "ocr-service-llm-zoomcamp-in-dev",
            "lifecycle_rule": [],
            "logging": [],
            "object_lock_configuration": [],
            "object_lock_enabled": false,
            "policy": "",
            "region": "us-east-1",
            "replication_configuration": [],
            "request_payer": "BucketOwner",
            "server_side_encryption_configuration": [
              {
                "rule": [
                  {
                    "apply_server_side_encryption_by_default": [
                      {
                        "kms_master_key_id": "",
                        "sse_algorithm": "AES256"
                      }
                    ],
                    "bucket_key_enabled": false
                  }
                ]
              }
            ],
            "tags": {
              "env": "dev",
              "project": "ocr-service-llm-zoomcamp"
            },
            "tags_all": {
              "env": "dev",
              "project": "ocr-service-llm-zoomcamp"
            },
            "timeouts": null,
            "versioning": [
              {
                "enabled": false,
                "mfa_delete": false
              }
            ],
            "website": [],
            "website_domain": null,
            "website_endpoint": null
          },
          "sensitive_attributes": [],
          "identity_schema_version": 0,
          "private": "eyJlMmJmYjczMC1lY2FhLTExZTYtOGY4OC0zNDM2M2JjN2M0YzAiOnsiY3JlYXRlIjoxMjAwMDAwMDAwMDAwLCJkZWxldGUiOjM2MDAwMDAwMDAwMDAsInJlYWQiOjEyMDAwMDAwMDAwMDAsInVwZGF0ZSI6MTIwMDAwMDAwMDAwMH19"
        }
      ]
    },
    {
      "mode": "managed",
      "type": "aws_s3_bucket",
      "name": "out",
      "provider": "provider[\"registry.terraform.io/hashicorp/aws\"]",
      "instances": [
        {
          "schema_version": 0,
          "attributes": {
            "acceleration_status": "",
            "acl": null,
            "arn": "arn:aws:s3:::ocr-service-llm-zoomcamp-out-dev",
            "bucket": "ocr-service-llm-zoomcamp-out-dev",
            "bucket_domain_name": "ocr-service-llm-zoomcamp-out-dev.s3.amazonaws.com",
            "bucket_prefix": "",
            "bucket_regional_domain_name": "ocr-service-llm-zoomcamp-out-dev.s3.us-east-1.amazonaws.com",
            "cors_rule": [],
            "force_destroy": false,
            "grant": [
              {
                "id": "05adac9a39ae067743db26bb76753c11018fa928b5b817cc003f9c3d1653a2b6",
                "permissions": [
                  "FULL_CONTROL"
                ],
                "type": "CanonicalUser",
                "uri": ""
              }
            ],
            "hosted_zone_id": "Z3AQBSTGFYJSTF",
            "id": "ocr-service-llm-zoomcamp-out-dev",
            "lifecycle_rule": [],
            "logging": [],
            "object_lock_configuration": [],
            "object_lock_enabled": false,
            "policy": "",
            "region": "us-east-1",
            "replication_configuration": [],
            "request_payer": "BucketOwner",
            "server_side_encryption_configuration": [
              {
                "rule": [
                  {
                    "apply_server_side_encryption_by_default": [
                      {
                        "kms_master_key_id": "",
                        "sse_algorithm": "AES256"
                      }
                    ],
                    "bucket_key_enabled": false
                  }
                ]
              }
            ],
            "tags": {
              "env": "dev",
              "project": "ocr-service-llm-zoomcamp"
            },
            "tags_all": {
              "env": "dev",
              "project": "ocr-service-llm-zoomcamp"
            },
            "timeouts": null,
            "versioning": [
              {
                "enabled": false,
                "mfa_delete": false
              }
            ],
            "website": [],
            "website_domain": null,
            "website_endpoint": null
          },
          "sensitive_attributes": [],
          "identity_schema_version": 0,
          "private": "eyJlMmJmYjczMC1lY2FhLTExZTYtOGY4OC0zNDM2M2JjN2M0YzAiOnsiY3JlYXRlIjoxMjAwMDAwMDAwMDAwLCJkZWxldGUiOjM2MDAwMDAwMDAwMDAsInJlYWQiOjEyMDAwMDAwMDAwMDAsInVwZGF0ZSI6MTIwMDAwMDAwMDAwMH19"
        }
      ]
    },
    {
      "mode": "managed",
      "type": "aws_s3_bucket_notification",
      "name": "in",
      "provider": "provider[\"registry.terraform.io/hashicorp/aws\"]",
      "instances": [
        {
          "schema_version": 0,
          "attributes": {
            "bucket": "ocr-service-llm-zoomcamp-in-dev",
            "eventbridge": false,
            "id": "ocr-service-llm-zoomcamp-in-dev",
            "lambda_function": [
              {
                "events": [
                  "s3:ObjectCreated:*"
                ],
                "filter_prefix": "docs/",
                "filter_suffix": ".pdf",
                "id": "tf-s3-lambda-20250817221401038500000001",
                "lambda_function_arn": "arn:aws:lambda:us-east-1:127452847183:function:ocr-service-llm-zoomcamp-dev"
              }
            ],
            "queue": [],
            "topic": []
          },
          "sensitive_attributes": [],
          "identity_schema_version": 0,
          "private": "bnVsbA==",
          "dependencies": [
            "aws_ecr_repository.repo",
            "aws_iam_role.lambda",
            "aws_lambda_function.fn",
            "aws_lambda_permission.allow_s3",
            "aws_s3_bucket.in",
            "aws_s3_bucket.out",
            "data.aws_ecr_image.lambda_image",
            "data.aws_iam_policy_document.assume"
          ]
        }
      ]
    },
    {
      "mode": "managed",
      "type": "aws_s3_bucket_public_access_block",
      "name": "in",
      "provider": "provider[\"registry.terraform.io/hashicorp/aws\"]",
      "instances": [
        {
          "schema_version": 0,
          "attributes": {
            "block_public_acls": true,
            "block_public_policy": true,
            "bucket": "ocr-service-llm-zoomcamp-in-dev",
            "id": "ocr-service-llm-zoomcamp-in-dev",
            "ignore_public_acls": true,
            "restrict_public_buckets": true
          },
          "sensitive_attributes": [],
          "identity_schema_version": 0,
          "private": "bnVsbA==",
          "dependencies": [
            "aws_s3_bucket.in"
          ]
        }
      ]
    },
    {
      "mode": "managed",
      "type": "aws_s3_bucket_public_access_block",
      "name": "out",
      "provider": "provider[\"registry.terraform.io/hashicorp/aws\"]",
      "instances": [
        {
          "schema_version": 0,
          "attributes": {
            "block_public_acls": true,
            "block_public_policy": true,
            "bucket": "ocr-service-llm-zoomcamp-out-dev",
            "id": "ocr-service-llm-zoomcamp-out-dev",
            "ignore_public_acls": true,
            "restrict_public_buckets": true
          },
          "sensitive_attributes": [],
          "identity_schema_version": 0,
          "private": "bnVsbA==",
          "dependencies": [
            "aws_s3_bucket.out"
          ]
        }
      ]
    },
    {
      "mode": "managed",
      "type": "aws_s3_bucket_server_side_encryption_configuration",
      "name": "in",
      "provider": "provider[\"registry.terraform.io/hashicorp/aws\"]",
      "instances": [
        {
          "schema_version": 0,
          "attributes": {
            "bucket": "ocr-service-llm-zoomcamp-in-dev",
            "expected_bucket_owner": "",
            "id": "ocr-service-llm-zoomcamp-in-dev",
            "rule": [
              {
                "apply_server_side_encryption_by_default": [
                  {
                    "kms_master_key_id": "",
                    "sse_algorithm": "AES256"
                  }
                ],
                "bucket_key_enabled": false
              }
            ]
          },
          "sensitive_attributes": [],
          "identity_schema_version": 0,
          "private": "bnVsbA==",
          "dependencies": [
            "aws_s3_bucket.in"
          ]
        }
      ]
    },
    {
      "mode": "managed",
      "type": "aws_s3_bucket_server_side_encryption_configuration",
      "name": "out",
      "provider": "provider[\"registry.terraform.io/hashicorp/aws\"]",
      "instances": [
        {
          "schema_version": 0,
          "attributes": {
            "bucket": "ocr-service-llm-zoomcamp-out-dev",
            "expected_bucket_owner": "",
            "id": "ocr-service-llm-zoomcamp-out-dev",
            "rule": [
              {
                "apply_server_side_encryption_by_default": [
                  {
                    "kms_master_key_id": "",
                    "sse_algorithm": "AES256"
                  }
                ],
                "bucket_key_enabled": false
              }
            ]
          },
          "sensitive_attributes": [],
          "identity_schema_version": 0,
          "private": "bnVsbA==",
          "dependencies": [
            "aws_s3_bucket.out"
          ]
        }
      ]
    }
  ],
  "check_results": [
    {
      "object_kind": "var",
      "config_addr": "var.enable_ocr",
      "status": "pass",
      "objects": [
        {
          "object_addr": "var.enable_ocr",
          "status": "pass"
        }
      ]
    }
  ]
}
